
Microsoft Visual Studio Solution File, Format Version 12.00
# Visual Studio Version 17
VisualStudioVersion = 17.7.34024.191
MinimumVisualStudioVersion = 10.0.40219.1
Project("{FAE04EC0-301F-11D3-BF4B-00C04F79EFBC}") = "Project", "Project.csproj", "{AF993B87-4541-4F62-95B0-82F624DD5AAA}"
EndProject
Global
	GlobalSection(SolutionConfigurationPlatforms) = preSolution
		Debug|Any CPU = Debug|Any CPU
		Release|Any CPU = Release|Any CPU
	EndGlobalSection
	GlobalSection(ProjectConfigurationPlatforms) = postSolution
		{AF993B87-4541-4F62-95B0-82F624DD5AAA}.Debug|Any CPU.ActiveCfg = Debug|Any CPU
		{AF993B87-4541-4F62-95B0-82F624DD5AAA}.Debug|Any CPU.Build.0 = Debug|Any CPU
		{AF993B87-4541-4F62-95B0-82F624DD5AAA}.Release|Any CPU.ActiveCfg = Release|Any CPU
		{AF993B87-4541-4F62-95B0-82F624DD5AAA}.Release|Any CPU.Build.0 = Release|Any CPU
	EndGlobalSection
	GlobalSection(SolutionProperties) = preSolution
		HideSolutionNode = FALSE
	EndGlobalSection
	GlobalSection(ExtensibilityGlobals) = postSolution
		SolutionGuid = {46A4B0AD-AC01-4649-82EF-D6208A65F219}
	EndGlobalSection
EndGlobal
